{
  "originHash" : "126420864b7ad0f0718d44eb1a328966d8b7e09f88209f5def997f24fdcecc78",
  "pins" : [
    {
      "identity" : "adjust_signature_sdk",
      "kind" : "remoteSourceControl",
      "location" : "https://github.com/adjust/adjust_signature_sdk.git",
      "state" : {
        "revision" : "8af71c556087b2f6cc35b70f0076b944b1b38e44",
        "version" : "3.67.0"
      }
    },
    {
      "identity" : "alamofire",
      "kind" : "remoteSourceControl",
      "location" : "https://github.com/Alamofire/Alamofire.git",
      "state" : {
        "revision" : "7595cbcf59809f9977c5f6378500de2ad73b7ddb",
        "version" : "5.12.0"
      }
    },
    {
      "identity" : "facebook-ios-sdk",
      "kind" : "remoteSourceControl",
      "location" : "https://github.com/facebook/facebook-ios-sdk.git",
      "state" : {
        "branch" : "main",
        "revision" : "4ad42c0a85fe8fea5c9990640d7f37c65c45b1f0"
      }
    },
    {
      "identity" : "google-ads-on-device-conversion-ios-sdk",
      "kind" : "remoteSourceControl",
      "location" : "https://github.com/googleads/google-ads-on-device-conversion-ios-sdk.git",
      "state" : {
        "revision" : "9bfcc6cf435b2e7c5562c1900b8680c594fa9a64",
        "version" : "3.6.0"
      }
    },
    {
      "identity" : "googleutilities",
      "kind" : "remoteSourceControl",
      "location" : "https://github.com/google/GoogleUtilities.git",
      "state" : {
        "revision" : "60da361632d0de02786f709bdc0c4df340f7613e",
        "version" : "8.1.0"
      }
    },
    {
      "identity" : "ios_sdk",
      "kind" : "remoteSourceControl",
      "location" : "https://github.com/adjust/ios_sdk.git",
      "state" : {
        "branch" : "master",
        "revision" : "ff8a74823dc020b09f08b670735e24ccbcb5095a"
      }
    },
    {
      "identity" : "nanopb",
      "kind" : "remoteSourceControl",
      "location" : "https://github.com/firebase/nanopb.git",
      "state" : {
        "revision" : "b7e1104502eca3a213b46303391ca4d3bc8ddec1",
        "version" : "2.30910.0"
      }
    },
    {
      "identity" : "screenshield",
      "kind" : "remoteSourceControl",
      "location" : "https://github.com/JayantBadlani/ScreenShield.git",
      "state" : {
        "revision" : "9586e6a305426398250e0bdc19cbd463437f1af1",
        "version" : "1.2.2"
      }
    }
  ],
  "version" : 3
}
